// !$*UTF8*$!
{
	archiveVersion = 1;
	classes = {
	};
	objectVersion = 55;
	objects = {

/* Begin PBXBuildFile section */
		D5CBCCAC283E594700C90D53 /* DemoApp.swift in Sources */ = {isa = PBXBuildFile; fileRef = D5CBCCAB283E594700C90D53 /* DemoApp.swift */; };
		D5CBCCAE283E594700C90D53 /* ContentView.swift in Sources */ = {isa = PBXBuildFile; fileRef = D5CBCCAD283E594700C90D53 /* ContentView.swift */; };
		D5CBCCB0283E594800C90D53 /* Assets.xcassets in Resources */ = {isa = PBXBuildFile; fileRef = D5CBCCAF283E594800C90D53 /* Assets.xcassets */; };
		D5CBCCB3283E594800C90D53 /* Preview Assets.xcassets in Resources */ = {isa = PBXBuildFile; fileRef = D5CBCCB2283E594800C90D53 /* Preview Assets.xcassets */; };
		D5CBCCBE283E597000C90D53 /* CustomView.swift in Sources */ = {isa = PBXBuildFile; fileRef = D5CBCCBA283E597000C90D53 /* CustomView.swift */; };
		D5CBCCBF283E597000C90D53 /* StackView.swift in Sources */ = {isa = PBXBuildFile; fileRef = D5CBCCBB283E597000C90D53 /* StackView.swift */; };
		D5CBCCC1283E597000C90D53 /* GridView.swift in Sources */ = {isa = PBXBuildFile; fileRef = D5CBCCBD283E597000C90D53 /* GridView.swift */; };
		D5CBCCC3283E598000C90D53 /* Task+Extensions.swift in Sources */ = {isa = PBXBuildFile; fileRef = D5CBCCC2283E598000C90D53 /* Task+Extensions.swift */; };
		D5CBCCC7283E59C400C90D53 /* RefreshableScrollView in Frameworks */ = {isa = PBXBuildFile; productRef = D5CBCCC6283E59C400C90D53 /* RefreshableScrollView */; };
/* End PBXBuildFile section */

/* Begin PBXFileReference section */
		D5CBCCA8283E594700C90D53 /* RefreshableScrollViewDemo.app */ = {isa = PBXFileReference; explicitFileType = wrapper.application; includeInIndex = 0; path = RefreshableScrollViewDemo.app; sourceTree = BUILT_PRODUCTS_DIR; };
		D5CBCCAB283E594700C90D53 /* DemoApp.swift */ = {isa = PBXFileReference; lastKnownFileType = sourcecode.swift; path = DemoApp.swift; sourceTree = "<group>"; };
		D5CBCCAD283E594700C90D53 /* ContentView.swift */ = {isa = PBXFileReference; lastKnownFileType = sourcecode.swift; path = ContentView.swift; sourceTree = "<group>"; };
		D5CBCCAF283E594800C90D53 /* Assets.xcassets */ = {isa = PBXFileReference; lastKnownFileType = folder.assetcatalog; path = Assets.xcassets; sourceTree = "<group>"; };
		D5CBCCB2283E594800C90D53 /* Preview Assets.xcassets */ = {isa = PBXFileReference; lastKnownFileType = folder.assetcatalog; path = "Preview Assets.xcassets"; sourceTree = "<group>"; };
		D5CBCCBA283E597000C90D53 /* CustomView.swift */ = {isa = PBXFileReference; fileEncoding = 4; lastKnownFileType = sourcecode.swift; path = CustomView.swift; sourceTree = "<group>"; };
		D5CBCCBB283E597000C90D53 /* StackView.swift */ = {isa = PBXFileReference; fileEncoding = 4; lastKnownFileType = sourcecode.swift; path = StackView.swift; sourceTree = "<group>"; };
		D5CBCCBD283E597000C90D53 /* GridView.swift */ = {isa = PBXFileReference; fileEncoding = 4; lastKnownFileType = sourcecode.swift; path = GridView.swift; sourceTree = "<group>"; };
		D5CBCCC2283E598000C90D53 /* Task+Extensions.swift */ = {isa = PBXFileReference; fileEncoding = 4; lastKnownFileType = sourcecode.swift; path = "Task+Extensions.swift"; sourceTree = "<group>"; };
/* End PBXFileReference section */

/* Begin PBXFrameworksBuildPhase section */
		D5CBCCA5283E594700C90D53 /* Frameworks */ = {
			isa = PBXFrameworksBuildPhase;
			buildActionMask = 2147483647;
			files = (
				D5CBCCC7283E59C400C90D53 /* RefreshableScrollView in Frameworks */,
			);
			runOnlyForDeploymentPostprocessing = 0;
		};
/* End PBXFrameworksBuildPhase section */

/* Begin PBXGroup section */
		D5CBCC9F283E594700C90D53 = {
			isa = PBXGroup;
			children = (
				D5CBCCAA283E594700C90D53 /* RefreshableScrollViewDemo */,
				D5CBCCA9283E594700C90D53 /* Products */,
			);
			sourceTree = "<group>";
		};
		D5CBCCA9283E594700C90D53 /* Products */ = {
			isa = PBXGroup;
			children = (
				D5CBCCA8283E594700C90D53 /* RefreshableScrollViewDemo.app */,
			);
			name = Products;
			sourceTree = "<group>";
		};
		D5CBCCAA283E594700C90D53 /* RefreshableScrollViewDemo */ = {
			isa = PBXGroup;
			children = (
				D5CBCCAB283E594700C90D53 /* DemoApp.swift */,
				D5CBCCAD283E594700C90D53 /* ContentView.swift */,
				D5CBCCB9283E597000C90D53 /* Views */,
				D5CBCCC4283E598300C90D53 /* Extensions */,
				D5CBCCAF283E594800C90D53 /* Assets.xcassets */,
				D5CBCCB1283E594800C90D53 /* Preview Content */,
			);
			path = RefreshableScrollViewDemo;
			sourceTree = "<group>";
		};
		D5CBCCB1283E594800C90D53 /* Preview Content */ = {
			isa = PBXGroup;
			children = (
				D5CBCCB2283E594800C90D53 /* Preview Assets.xcassets */,
			);
			path = "Preview Content";
			sourceTree = "<group>";
		};
		D5CBCCB9283E597000C90D53 /* Views */ = {
			isa = PBXGroup;
			children = (
				D5CBCCBA283E597000C90D53 /* CustomView.swift */,
				D5CBCCBB283E597000C90D53 /* StackView.swift */,
				D5CBCCBD283E597000C90D53 /* GridView.swift */,
			);
			path = Views;
			sourceTree = "<group>";
		};
		D5CBCCC4283E598300C90D53 /* Extensions */ = {
			isa = PBXGroup;
			children = (
				D5CBCCC2283E598000C90D53 /* Task+Extensions.swift */,
			);
			path = Extensions;
			sourceTree = "<group>";
		};
/* End PBXGroup section */

/* Begin PBXNativeTarget section */
		D5CBCCA7283E594700C90D53 /* RefreshableScrollViewDemo */ = {
			isa = PBXNativeTarget;
			buildConfigurationList = D5CBCCB6283E594800C90D53 /* Build configuration list for PBXNativeTarget "RefreshableScrollViewDemo" */;
			buildPhases = (
				D5CBCCA4283E594700C90D53 /* Sources */,
				D5CBCCA5283E594700C90D53 /* Frameworks */,
				D5CBCCA6283E594700C90D53 /* Resources */,
			);
			buildRules = (
			);
			dependencies = (
			);
			name = RefreshableScrollViewDemo;
			packageProductDependencies = (
				D5CBCCC6283E59C400C90D53 /* RefreshableScrollView */,
			);
			productName = RefreshableScrollViewDemo;
			productReference = D5CBCCA8283E594700C90D53 /* RefreshableScrollViewDemo.app */;
			productType = "com.apple.product-type.application";
		};
/* End PBXNativeTarget section */

/* Begin PBXProject section */
		D5CBCCA0283E594700C90D53 /* Project object */ = {
			isa = PBXProject;
			attributes = {
				BuildIndependentTargetsInParallel = 1;
				LastSwiftUpdateCheck = 1340;
				LastUpgradeCheck = 1340;
				TargetAttributes = {
					D5CBCCA7283E594700C90D53 = {
						CreatedOnToolsVersion = 13.4;
					};
				};
			};
			buildConfigurationList = D5CBCCA3283E594700C90D53 /* Build configuration list for PBXProject "RefreshableScrollViewDemo" */;
			compatibilityVersion = "Xcode 13.0";
			developmentRegion = en;
			hasScannedForEncodings = 0;
			knownRegions = (
				en,
				Base,
			);
			mainGroup = D5CBCC9F283E594700C90D53;
			packageReferences = (
				D5CBCCC5283E59C400C90D53 /* XCRemoteSwiftPackageReference "RefreshableScrollView" */,
			);
			productRefGroup = D5CBCCA9283E594700C90D53 /* Products */;
			projectDirPath = "";
			projectRoot = "";
			targets = (
				D5CBCCA7283E594700C90D53 /* RefreshableScrollViewDemo */,
			);
		};
/* End PBXProject section */

/* Begin PBXResourcesBuildPhase section */
		D5CBCCA6283E594700C90D53 /* Resources */ = {
			isa = PBXResourcesBuildPhase;
			buildActionMask = 2147483647;
			files = (
				D5CBCCB3283E594800C90D53 /* Preview Assets.xcassets in Resources */,
				D5CBCCB0283E594800C90D53 /* Assets.xcassets in Resources */,
			);
			runOnlyForDeploymentPostprocessing = 0;
		};
/* End PBXResourcesBuildPhase section */

/* Begin PBXSourcesBuildPhase section */
		D5CBCCA4283E594700C90D53 /* Sources */ = {
			isa = PBXSourcesBuildPhase;
			buildActionMask = 2147483647;
			files = (
				D5CBCCC3283E598000C90D53 /* Task+Extensions.swift in Sources */,
				D5CBCCBE283E597000C90D53 /* CustomView.swift in Sources */,
				D5CBCCAE283E594700C90D53 /* ContentView.swift in Sources */,
				D5CBCCAC283E594700C90D53 /* DemoApp.swift in Sources */,
				D5CBCCC1283E597000C90D53 /* GridView.swift in Sources */,
				D5CBCCBF283E597000C90D53 /* StackView.swift in Sources */,
			);
			runOnlyForDeploymentPostprocessing = 0;
		};
/* End PBXSourcesBuildPhase section */

/* Begin XCBuildConfiguration section */
		D5CBCCB4283E594800C90D53 /* Debug */ = {
			isa = XCBuildConfiguration;
			buildSettings = {
				ALWAYS_SEARCH_USER_PATHS = NO;
				CLANG_ANALYZER_NONNULL = YES;
				CLANG_ANALYZER_NUMBER_OBJECT_CONVERSION = YES_AGGRESSIVE;
				CLANG_CXX_LANGUAGE_STANDARD = "gnu++17";
				CLANG_ENABLE_MODULES = YES;
				CLANG_ENABLE_OBJC_ARC = YES;
				CLANG_ENABLE_OBJC_WEAK = YES;
				CLANG_WARN_BLOCK_CAPTURE_AUTORELEASING = YES;
				CLANG_WARN_BOOL_CONVERSION = YES;
				CLANG_WARN_COMMA = YES;
				CLANG_WARN_CONSTANT_CONVERSION = YES;
				CLANG_WARN_DEPRECATED_OBJC_IMPLEMENTATIONS = YES;
				CLANG_WARN_DIRECT_OBJC_ISA_USAGE = YES_ERROR;
				CLANG_WARN_DOCUMENTATION_COMMENTS = YES;
				CLANG_WARN_EMPTY_BODY = YES;
				CLANG_WARN_ENUM_CONVERSION = YES;
				CLANG_WARN_INFINITE_RECURSION = YES;
				CLANG_WARN_INT_CONVERSION = YES;
				CLANG_WARN_NON_LITERAL_NULL_CONVERSION = YES;
				CLANG_WARN_OBJC_IMPLICIT_RETAIN_SELF = YES;
				CLANG_WARN_OBJC_LITERAL_CONVERSION = YES;
				CLANG_WARN_OBJC_ROOT_CLASS = YES_ERROR;
				CLANG_WARN_QUOTED_INCLUDE_IN_FRAMEWORK_HEADER = YES;
				CLANG_WARN_RANGE_LOOP_ANALYSIS = YES;
				CLANG_WARN_STRICT_PROTOTYPES = YES;
				CLANG_WARN_SUSPICIOUS_MOVE = YES;
				CLANG_WARN_UNGUARDED_AVAILABILITY = YES_AGGRESSIVE;
				CLANG_WARN_UNREACHABLE_CODE = YES;
				CLANG_WARN__DUPLICATE_METHOD_MATCH = YES;
				COPY_PHASE_STRIP = NO;
				DEBUG_INFORMATION_FORMAT = dwarf;
				ENABLE_STRICT_OBJC_MSGSEND = YES;
				ENABLE_TESTABILITY = YES;
				GCC_C_LANGUAGE_STANDARD = gnu11;
				GCC_DYNAMIC_NO_PIC = NO;
				GCC_NO_COMMON_BLOCKS = YES;
				GCC_OPTIMIZATION_LEVEL = 0;
				GCC_PREPROCESSOR_DEFINITIONS = (
					"DEBUG=1",
					"$(inherited)",
				);
				GCC_WARN_64_TO_32_BIT_CONVERSION = YES;
				GCC_WARN_ABOUT_RETURN_TYPE = YES_ERROR;
				GCC_WARN_UNDECLARED_SELECTOR = YES;
				GCC_WARN_UNINITIALIZED_AUTOS = YES_AGGRESSIVE;
				GCC_WARN_UNUSED_FUNCTION = YES;
				GCC_WARN_UNUSED_VARIABLE = YES;
				IPHONEOS_DEPLOYMENT_TARGET = 15.5;
				MTL_ENABLE_DEBUG_INFO = INCLUDE_SOURCE;
				MTL_FAST_MATH = YES;
				ONLY_ACTIVE_ARCH = YES;
				SDKROOT = iphoneos;
				SWIFT_ACTIVE_COMPILATION_CONDITIONS = DEBUG;
				SWIFT_OPTIMIZATION_LEVEL = "-Onone";
			};
			name = Debug;
		};
		D5CBCCB5283E594800C90D53 /* Release */ = {
			isa = XCBuildConfiguration;
			buildSettings = {
				ALWAYS_SEARCH_USER_PATHS = NO;
				CLANG_ANALYZER_NONNULL = YES;
				CLANG_ANALYZER_NUMBER_OBJECT_CONVERSION = YES_AGGRESSIVE;
				CLANG_CXX_LANGUAGE_STANDARD = "gnu++17";
				CLANG_ENABLE_MODULES = YES;
				CLANG_ENABLE_OBJC_ARC = YES;
				CLANG_ENABLE_OBJC_WEAK = YES;
				CLANG_WARN_BLOCK_CAPTURE_AUTORELEASING = YES;
				CLANG_WARN_BOOL_CONVERSION = YES;
				CLANG_WARN_COMMA = YES;
				CLANG_WARN_CONSTANT_CONVERSION = YES;
				CLANG_WARN_DEPRECATED_OBJC_IMPLEMENTATIONS = YES;
				CLANG_WARN_DIRECT_OBJC_ISA_USAGE = YES_ERROR;
				CLANG_WARN_DOCUMENTATION_COMMENTS = YES;
				CLANG_WARN_EMPTY_BODY = YES;
				CLANG_WARN_ENUM_CONVERSION = YES;
				CLANG_WARN_INFINITE_RECURSION = YES;
				CLANG_WARN_INT_CONVERSION = YES;
				CLANG_WARN_NON_LITERAL_NULL_CONVERSION = YES;
				CLANG_WARN_OBJC_IMPLICIT_RETAIN_SELF = YES;
				CLANG_WARN_OBJC_LITERAL_CONVERSION = YES;
				CLANG_WARN_OBJC_ROOT_CLASS = YES_ERROR;
				CLANG_WARN_QUOTED_INCLUDE_IN_FRAMEWORK_HEADER = YES;
				CLANG_WARN_RANGE_LOOP_ANALYSIS = YES;
				CLANG_WARN_STRICT_PROTOTYPES = YES;
				CLANG_WARN_SUSPICIOUS_MOVE = YES;
				CLANG_WARN_UNGUARDED_AVAILABILITY = YES_AGGRESSIVE;
				CLANG_WARN_UNREACHABLE_CODE = YES;
				CLANG_WARN__DUPLICATE_METHOD_MATCH = YES;
				COPY_PHASE_STRIP = NO;
				DEBUG_INFORMATION_FORMAT = "dwarf-with-dsym";
				ENABLE_NS_ASSERTIONS = NO;
				ENABLE_STRICT_OBJC_MSGSEND = YES;
				GCC_C_LANGUAGE_STANDARD = gnu11;
				GCC_NO_COMMON_BLOCKS = YES;
				GCC_WARN_64_TO_32_BIT_CONVERSION = YES;
				GCC_WARN_ABOUT_RETURN_TYPE = YES_ERROR;
				GCC_WARN_UNDECLARED_SELECTOR = YES;
				GCC_WARN_UNINITIALIZED_AUTOS = YES_AGGRESSIVE;
				GCC_WARN_UNUSED_FUNCTION = YES;
				GCC_WARN_UNUSED_VARIABLE = YES;
				IPHONEOS_DEPLOYMENT_TARGET = 15.5;
				MTL_ENABLE_DEBUG_INFO = NO;
				MTL_FAST_MATH = YES;
				SDKROOT = iphoneos;
				SWIFT_COMPILATION_MODE = wholemodule;
				SWIFT_OPTIMIZATION_LEVEL = "-O";
				VALIDATE_PRODUCT = YES;
			};
			name = Release;
		};
		D5CBCCB7283E594800C90D53 /* Debug */ = {
			isa = XCBuildConfiguration;
			buildSettings = {
				ASSETCATALOG_COMPILER_APPICON_NAME = AppIcon;
				ASSETCATALOG_COMPILER_GLOBAL_ACCENT_COLOR_NAME = AccentColor;
				CODE_SIGN_STYLE = Automatic;
				CURRENT_PROJECT_VERSION = 1;
				DEVELOPMENT_ASSET_PATHS = "\"RefreshableScrollViewDemo/Preview Content\"";
				DEVELOPMENT_TEAM = 8J6VSUTQNX;
				ENABLE_PREVIEWS = YES;
				GENERATE_INFOPLIST_FILE = YES;
				INFOPLIST_KEY_UIApplicationSceneManifest_Generation = YES;
				INFOPLIST_KEY_UIApplicationSupportsIndirectInputEvents = YES;
				INFOPLIST_KEY_UILaunchScreen_Generation = YES;
				INFOPLIST_KEY_UISupportedInterfaceOrientations_iPad = "UIInterfaceOrientationPortrait UIInterfaceOrientationPortraitUpsideDown UIInterfaceOrientationLandscapeLeft UIInterfaceOrientationLandscapeRight";
				INFOPLIST_KEY_UISupportedInterfaceOrientations_iPhone = "UIInterfaceOrientationPortrait UIInterfaceOrientationLandscapeLeft UIInterfaceOrientationLandscapeRight";
				LD_RUNPATH_SEARCH_PATHS = (
					"$(inherited)",
					"@executable_path/Frameworks",
				);
				MARKETING_VERSION = 1.0;
				PRODUCT_BUNDLE_IDENTIFIER = com.q42.RefreshableScrollViewDemo;
				PRODUCT_NAME = "$(TARGET_NAME)";
				SWIFT_EMIT_LOC_STRINGS = YES;
				SWIFT_VERSION = 5.0;
				TARGETED_DEVICE_FAMILY = "1,2";
			};
			name = Debug;
		};
		D5CBCCB8283E594800C90D53 /* Release */ = {
			isa = XCBuildConfiguration;
			buildSettings = {
				ASSETCATALOG_COMPILER_APPICON_NAME = AppIcon;
				ASSETCATALOG_COMPILER_GLOBAL_ACCENT_COLOR_NAME = AccentColor;
				CODE_SIGN_STYLE = Automatic;
				CURRENT_PROJECT_VERSION = 1;
				DEVELOPMENT_ASSET_PATHS = "\"RefreshableScrollViewDemo/Preview Content\"";
				DEVELOPMENT_TEAM = 8J6VSUTQNX;
				ENABLE_PREVIEWS = YES;
				GENERATE_INFOPLIST_FILE = YES;
				INFOPLIST_KEY_UIApplicationSceneManifest_Generation = YES;
				INFOPLIST_KEY_UIApplicationSupportsIndirectInputEvents = YES;
				INFOPLIST_KEY_UILaunchScreen_Generation = YES;
				INFOPLIST_KEY_UISupportedInterfaceOrientations_iPad = "UIInterfaceOrientationPortrait UIInterfaceOrientationPortraitUpsideDown UIInterfaceOrientationLandscapeLeft UIInterfaceOrientationLandscapeRight";
				INFOPLIST_KEY_UISupportedInterfaceOrientations_iPhone = "UIInterfaceOrientationPortrait UIInterfaceOrientationLandscapeLeft UIInterfaceOrientationLandscapeRight";
				LD_RUNPATH_SEARCH_PATHS = (
					"$(inherited)",
					"@executable_path/Frameworks",
				);
				MARKETING_VERSION = 1.0;
				PRODUCT_BUNDLE_IDENTIFIER = com.q42.RefreshableScrollViewDemo;
				PRODUCT_NAME = "$(TARGET_NAME)";
				SWIFT_EMIT_LOC_STRINGS = YES;
				SWIFT_VERSION = 5.0;
				TARGETED_DEVICE_FAMILY = "1,2";
			};
			name = Release;
		};
/* End XCBuildConfiguration section */

/* Begin XCConfigurationList section */
		D5CBCCA3283E594700C90D53 /* Build configuration list for PBXProject "RefreshableScrollViewDemo" */ = {
			isa = XCConfigurationList;
			buildConfigurations = (
				D5CBCCB4283E594800C90D53 /* Debug */,
				D5CBCCB5283E594800C90D53 /* Release */,
			);
			defaultConfigurationIsVisible = 0;
			defaultConfigurationName = Release;
		};
		D5CBCCB6283E594800C90D53 /* Build configuration list for PBXNativeTarget "RefreshableScrollViewDemo" */ = {
			isa = XCConfigurationList;
			buildConfigurations = (
				D5CBCCB7283E594800C90D53 /* Debug */,
				D5CBCCB8283E594800C90D53 /* Release */,
			);
			defaultConfigurationIsVisible = 0;
			defaultConfigurationName = Release;
		};
/* End XCConfigurationList section */

/* Begin XCRemoteSwiftPackageReference section */
		D5CBCCC5283E59C400C90D53 /* XCRemoteSwiftPackageReference "RefreshableScrollView" */ = {
			isa = XCRemoteSwiftPackageReference;
			repositoryURL = "https://github.com/Q42/RefreshableScrollView.git";
			requirement = {
				kind = upToNextMajorVersion;
				minimumVersion = 0.0.1;
			};
		};
/* End XCRemoteSwiftPackageReference section */

/* Begin XCSwiftPackageProductDependency section */
		D5CBCCC6283E59C400C90D53 /* RefreshableScrollView */ = {
			isa = XCSwiftPackageProductDependency;
			package = D5CBCCC5283E59C400C90D53 /* XCRemoteSwiftPackageReference "RefreshableScrollView" */;
			productName = RefreshableScrollView;
		};
/* End XCSwiftPackageProductDependency section */
	};
	rootObject = D5CBCCA0283E594700C90D53 /* Project object */;
}
