{
  "pins" : [
    {
      "identity" : "refreshablescrollview",
      "kind" : "remoteSourceControl",
      "location" : "https://github.com/Q42/RefreshableScrollView.git",
      "state" : {
        "revision" : "45ab1092d36ca77bbbeee1534251085d974dc40e",
        "version" : "0.0.2"
      }
    }
  ],
  "version" : 2
}
