{
  "pins" : [
    {
      "identity" : "refreshablescrollview",
      "kind" : "remoteSourceControl",
      "location" : "https://github.com/Q42/RefreshableScrollView.git",
      "state" : {
        "revision" : "bb4aa78e575347d005a8c616198b7f95ddb1e04a",
        "version" : "0.0.1"
      }
    }
  ],
  "version" : 2
}
